
Microsoft Visual Studio Solution File, Format Version 12.00
# Visual Studio 15
Project("{FAE04EC0-301F-11D3-BF4B-00C04F79EFBC}") = "Niantic.Lightship.MetaQuest.InternalSamples", "Niantic.Lightship.MetaQuest.InternalSamples.csproj", "{FD791580-D00E-7019-DC63-B8C02DDB615C}"
EndProject
Project("{FAE04EC0-301F-11D3-BF4B-00C04F79EFBC}") = "Assembly-CSharp", "Assembly-CSharp.csproj", "{28AECBA3-48F2-F03E-528D-0A649D0230C1}"
EndProject
Project("{FAE04EC0-301F-11D3-BF4B-00C04F79EFBC}") = "Assembly-CSharp-Editor", "Assembly-CSharp-Editor.csproj", "{286DA0DC-2BF1-7EB5-53F2-D9907D7D7602}"
EndProject
Global
	GlobalSection(SolutionConfigurationPlatforms) = preSolution
		Debug|Any CPU = Debug|Any CPU
		Release|Any CPU = Release|Any CPU
	EndGlobalSection
	GlobalSection(ProjectConfigurationPlatforms) = postSolution
		{FD791580-D00E-7019-DC63-B8C02DDB615C}.Debug|Any CPU.ActiveCfg = Debug|Any CPU
		{FD791580-D00E-7019-DC63-B8C02DDB615C}.Debug|Any CPU.Build.0 = Debug|Any CPU
		{FD791580-D00E-7019-DC63-B8C02DDB615C}.Release|Any CPU.ActiveCfg = Release|Any CPU
		{FD791580-D00E-7019-DC63-B8C02DDB615C}.Release|Any CPU.Build.0 = Release|Any CPU
		{28AECBA3-48F2-F03E-528D-0A649D0230C1}.Debug|Any CPU.ActiveCfg = Debug|Any CPU
		{28AECBA3-48F2-F03E-528D-0A649D0230C1}.Debug|Any CPU.Build.0 = Debug|Any CPU
		{28AECBA3-48F2-F03E-528D-0A649D0230C1}.Release|Any CPU.ActiveCfg = Release|Any CPU
		{28AECBA3-48F2-F03E-528D-0A649D0230C1}.Release|Any CPU.Build.0 = Release|Any CPU
		{286DA0DC-2BF1-7EB5-53F2-D9907D7D7602}.Debug|Any CPU.ActiveCfg = Debug|Any CPU
		{286DA0DC-2BF1-7EB5-53F2-D9907D7D7602}.Debug|Any CPU.Build.0 = Debug|Any CPU
		{286DA0DC-2BF1-7EB5-53F2-D9907D7D7602}.Release|Any CPU.ActiveCfg = Release|Any CPU
		{286DA0DC-2BF1-7EB5-53F2-D9907D7D7602}.Release|Any CPU.Build.0 = Release|Any CPU
	EndGlobalSection
	GlobalSection(SolutionProperties) = preSolution
		HideSolutionNode = FALSE
	EndGlobalSection
EndGlobal
